
Microsoft Visual Studio Solution File, Format Version 12.00
# Visual Studio Version 17
VisualStudioVersion = 17.7.34221.43
MinimumVisualStudioVersion = 10.0.40219.1
Project("{FAE04EC0-301F-11D3-BF4B-00C04F79EFBC}") = "WebModuleApp", "WebModuleApp.csproj", "{9B20551B-A332-4FA0-9650-7AA08067554E}"
EndProject
Project("{FAE04EC0-301F-11D3-BF4B-00C04F79EFBC}") = "FunctionClassLibrary", "..\FunctionClassLibrary\FunctionClassLibrary.csproj", "{828671B6-2C6E-4912-98B7-084DB7626159}"
EndProject
Global
	GlobalSection(SolutionConfigurationPlatforms) = preSolution
		Debug|Any CPU = Debug|Any CPU
		Release|Any CPU = Release|Any CPU
	EndGlobalSection
	GlobalSection(ProjectConfigurationPlatforms) = postSolution
		{9B20551B-A332-4FA0-9650-7AA08067554E}.Debug|Any CPU.ActiveCfg = Debug|Any CPU
		{9B20551B-A332-4FA0-9650-7AA08067554E}.Debug|Any CPU.Build.0 = Debug|Any CPU
		{9B20551B-A332-4FA0-9650-7AA08067554E}.Release|Any CPU.ActiveCfg = Release|Any CPU
		{9B20551B-A332-4FA0-9650-7AA08067554E}.Release|Any CPU.Build.0 = Release|Any CPU
		{828671B6-2C6E-4912-98B7-084DB7626159}.Debug|Any CPU.ActiveCfg = Debug|Any CPU
		{828671B6-2C6E-4912-98B7-084DB7626159}.Debug|Any CPU.Build.0 = Debug|Any CPU
		{828671B6-2C6E-4912-98B7-084DB7626159}.Release|Any CPU.ActiveCfg = Release|Any CPU
		{828671B6-2C6E-4912-98B7-084DB7626159}.Release|Any CPU.Build.0 = Release|Any CPU
	EndGlobalSection
	GlobalSection(SolutionProperties) = preSolution
		HideSolutionNode = FALSE
	EndGlobalSection
	GlobalSection(ExtensibilityGlobals) = postSolution
		SolutionGuid = {86BB5699-11C9-4874-83AA-A52A62E564CD}
	EndGlobalSection
EndGlobal
